
Microsoft Visual Studio Solution File, Format Version 12.00
# Visual Studio Version 16
VisualStudioVersion = 16.0.30330.147
MinimumVisualStudioVersion = 10.0.40219.1
Project("{FAE04EC0-301F-11D3-BF4B-00C04F79EFBC}") = "Desktop Wand", "Desktop Wand.csproj", "{DA972D06-338C-4D0B-A472-6B444308E619}"
EndProject
Global
	GlobalSection(SolutionConfigurationPlatforms) = preSolution
		Debug|Any CPU = Debug|Any CPU
		Release|Any CPU = Release|Any CPU
	EndGlobalSection
	GlobalSection(ProjectConfigurationPlatforms) = postSolution
		{DA972D06-338C-4D0B-A472-6B444308E619}.Debug|Any CPU.ActiveCfg = Debug|Any CPU
		{DA972D06-338C-4D0B-A472-6B444308E619}.Debug|Any CPU.Build.0 = Debug|Any CPU
		{DA972D06-338C-4D0B-A472-6B444308E619}.Release|Any CPU.ActiveCfg = Release|Any CPU
		{DA972D06-338C-4D0B-A472-6B444308E619}.Release|Any CPU.Build.0 = Release|Any CPU
	EndGlobalSection
	GlobalSection(SolutionProperties) = preSolution
		HideSolutionNode = FALSE
	EndGlobalSection
	GlobalSection(ExtensibilityGlobals) = postSolution
		SolutionGuid = {33EBE92F-1732-4EE4-B73E-610270DF8658}
	EndGlobalSection
EndGlobal
